
Microsoft Visual Studio Solution File, Format Version 12.00
# Visual Studio Version 17
VisualStudioVersion = 17.2.32630.192
MinimumVisualStudioVersion = 10.0.40219.1
Project("{FAE04EC0-301F-11D3-BF4B-00C04F79EFBC}") = "webapp", "webapp\webapp.csproj", "{94F84AB6-C46C-4D1F-A956-31344E327109}"
EndProject
Global
	GlobalSection(SolutionConfigurationPlatforms) = preSolution
		Debug|Any CPU = Debug|Any CPU
		Release|Any CPU = Release|Any CPU
	EndGlobalSection
	GlobalSection(ProjectConfigurationPlatforms) = postSolution
		{94F84AB6-C46C-4D1F-A956-31344E327109}.Debug|Any CPU.ActiveCfg = Debug|Any CPU
		{94F84AB6-C46C-4D1F-A956-31344E327109}.Debug|Any CPU.Build.0 = Debug|Any CPU
		{94F84AB6-C46C-4D1F-A956-31344E327109}.Release|Any CPU.ActiveCfg = Release|Any CPU
		{94F84AB6-C46C-4D1F-A956-31344E327109}.Release|Any CPU.Build.0 = Release|Any CPU
	EndGlobalSection
	GlobalSection(SolutionProperties) = preSolution
		HideSolutionNode = FALSE
	EndGlobalSection
	GlobalSection(ExtensibilityGlobals) = postSolution
		SolutionGuid = {2ABD4429-5AA4-4AC7-BCCB-BE20C0AF46D0}
	EndGlobalSection
EndGlobal
